
Microsoft Visual Studio Solution File, Format Version 12.00
# Visual Studio Version 16
VisualStudioVersion = 16.0.31424.327
MinimumVisualStudioVersion = 10.0.40219.1
Project("{FAE04EC0-301F-11D3-BF4B-00C04F79EFBC}") = "at.D365.PowerCID.Portal", "at.D365.PowerCID.Portal\at.D365.PowerCID.Portal.csproj", "{4ADA5AE1-CF81-45D7-A8BB-A2FEBF4AD30E}"
EndProject
Global
	GlobalSection(SolutionConfigurationPlatforms) = preSolution
		Debug|Any CPU = Debug|Any CPU
		Release|Any CPU = Release|Any CPU
	EndGlobalSection
	GlobalSection(ProjectConfigurationPlatforms) = postSolution
		{4ADA5AE1-CF81-45D7-A8BB-A2FEBF4AD30E}.Debug|Any CPU.ActiveCfg = Debug|Any CPU
		{4ADA5AE1-CF81-45D7-A8BB-A2FEBF4AD30E}.Debug|Any CPU.Build.0 = Debug|Any CPU
		{4ADA5AE1-CF81-45D7-A8BB-A2FEBF4AD30E}.Release|Any CPU.ActiveCfg = Release|Any CPU
		{4ADA5AE1-CF81-45D7-A8BB-A2FEBF4AD30E}.Release|Any CPU.Build.0 = Release|Any CPU
	EndGlobalSection
	GlobalSection(SolutionProperties) = preSolution
		HideSolutionNode = FALSE
	EndGlobalSection
	GlobalSection(ExtensibilityGlobals) = postSolution
		SolutionGuid = {248C7BC8-3D05-42A5-9BCD-BBBB0D2EDFAE}
	EndGlobalSection
EndGlobal
