{
  "requires": true,
  "lockfileVersion": 1,
  "dependencies": {
    "@nguniversal/module-map-ngfactory-loader": {
      "version": "8.2.6",
      "resolved": "https://registry.npmjs.org/@nguniversal/module-map-ngfactory-loader/-/module-map-ngfactory-loader-8.2.6.tgz",
      "integrity": "sha512-YcxXSrDZt6iDR+YbesJvprNpHd1nRLeThJwAFlcwvK/GVGSyKeWV6eqk3bRkBkgkw8OwaG/4lOQ4aofxQw+13w=="
    },
    "@types/adal": {
      "version": "1.0.29",
      "resolved": "https://registry.npmjs.org/@types/adal/-/adal-1.0.29.tgz",
      "integrity": "sha512-6kvyTWzue5lJ8xECAgVdMrs5+UEyPeflzU/L83QdufGnvjdyCiCWVgkfinMB7133ik/x+02T0q1070Z6/ZK6eQ==",
      "requires": {
        "@types/angular": "*"
      }
    },
    "@types/angular": {
      "version": "1.8.4",
      "resolved": "https://registry.npmjs.org/@types/angular/-/angular-1.8.4.tgz",
      "integrity": "sha512-wPS/ncJWhyxJsndsW1B6Ta8D4mi97x1yItSu+rkLDytU3oRIh2CFAjMuJceYwFAh9+DIohndWM0QBA9OU2Hv0g=="
    },
    "adal-angular": {
      "version": "1.0.18",
      "resolved": "https://registry.npmjs.org/adal-angular/-/adal-angular-1.0.18.tgz",
      "integrity": "sha512-X24lNbv3H8mjevnWxy2n6SLKN/kAQbg6b9xM9sqBwXBTobhArMaUHy3hd5xwSFMu8wiTu8A5Z52T56i7NqBoxA=="
    },
    "es6-promise": {
      "version": "3.3.1",
      "resolved": "https://registry.npmjs.org/es6-promise/-/es6-promise-3.3.1.tgz",
      "integrity": "sha1-oIzd6EzNvzTQJ6FFG8kdS80ophM="
    },
    "http-post-message": {
      "version": "0.2.3",
      "resolved": "https://registry.npmjs.org/http-post-message/-/http-post-message-0.2.3.tgz",
      "integrity": "sha1-MsVgrGFfMQp+RZ/8cSd7V5skLh4=",
      "requires": {
        "es6-promise": "^3.2.1"
      }
    },
    "microsoft-adal-angular6": {
      "version": "1.3.0",
      "resolved": "https://registry.npmjs.org/microsoft-adal-angular6/-/microsoft-adal-angular6-1.3.0.tgz",
      "integrity": "sha512-kr6pinOpabP7rcSsI7FSuAar6nNeMNB5pZai4N2dCeXnvOrHy9uAM1QjC/ap/lkuc3e/O/eWg49szWMqUvUV8A==",
      "requires": {
        "@types/adal": "^1.0.29",
        "adal-angular": "^1.0.15",
        "tslib": "^1.9.0"
      }
    },
    "powerbi-client": {
      "version": "2.19.1",
      "resolved": "https://registry.npmjs.org/powerbi-client/-/powerbi-client-2.19.1.tgz",
      "integrity": "sha512-vJOexJ9MA/NaaGju6FT1M5o/0lmLtEVNajeW8Qe5LnTYw+K/B05bKW649+9ZeZf20DOvr1kYLDCCHCsQ1CoV7w==",
      "requires": {
        "http-post-message": "^0.2",
        "powerbi-models": "^1.9.8",
        "powerbi-router": "^0.1",
        "window-post-message-proxy": "^0.2"
      }
    },
    "powerbi-client-angular": {
      "version": "2.0.0",
      "resolved": "https://registry.npmjs.org/powerbi-client-angular/-/powerbi-client-angular-2.0.0.tgz",
      "integrity": "sha512-rmI+PeXP/kXqmGfK4HdHhtjPEYlVPuiMIp/RKMGS7HDaGzMCLmQJZw1HaaVR9oJsIcdy3NYTwgSwi1Z3GkUrKw==",
      "requires": {
        "powerbi-client": "^2.18.0",
        "tslib": "^2.1.0"
      },
      "dependencies": {
        "tslib": {
          "version": "2.4.0",
          "resolved": "https://registry.npmjs.org/tslib/-/tslib-2.4.0.tgz",
          "integrity": "sha512-d6xOpEDfsi2CZVlPQzGeux8XMwLT9hssAsaPYExaQMuYskwb+x1x7J371tWlbBdWHroy99KnVB6qIkUbs5X3UQ=="
        }
      }
    },
    "powerbi-models": {
      "version": "1.9.8",
      "resolved": "https://registry.npmjs.org/powerbi-models/-/powerbi-models-1.9.8.tgz",
      "integrity": "sha512-3L0T+fdZ8rUBwtQGDuDxPqk8p3o/GLzE6/8Xt8uO2yA4fjO9dK7xgZwZpFcZKXEY2TOr//eICbqyokKKTUvA1w=="
    },
    "powerbi-router": {
      "version": "0.1.5",
      "resolved": "https://registry.npmjs.org/powerbi-router/-/powerbi-router-0.1.5.tgz",
      "integrity": "sha1-3S0tBHT4y3ZpCoX2pR2Mqf6pOjI=",
      "requires": {
        "es6-promise": "^3.2.1",
        "route-recognizer": "^0.1.11"
      }
    },
    "route-recognizer": {
      "version": "0.1.11",
      "resolved": "https://registry.npmjs.org/route-recognizer/-/route-recognizer-0.1.11.tgz",
      "integrity": "sha1-gQ2OVwKrtAVtbcuOhlxWhefBTrc="
    },
    "tslib": {
      "version": "1.14.1",
      "resolved": "https://registry.npmjs.org/tslib/-/tslib-1.14.1.tgz",
      "integrity": "sha512-Xni35NKzjgMrwevysHTCArtLDpPvye8zV/0E4EyYn43P7/7qvQwPh9BGkHewbMulVntbigmcT7rdX3BNo9wRJg=="
    },
    "window-post-message-proxy": {
      "version": "0.2.6",
      "resolved": "https://registry.npmjs.org/window-post-message-proxy/-/window-post-message-proxy-0.2.6.tgz",
      "integrity": "sha512-IwNWtUWVFarBa2F9vhmfv2yr0PfPm57QuOBCw3qSLaunhD3THcHUKQ4HrJQiCuYUT7LEjhUtaoA+hrV+wQzNmQ==",
      "requires": {
        "es6-promise": "^3.1.2"
      }
    }
  }
}
